{
  "name": "lab2",
  "version": "1.0.0",
  "lockfileVersion": 1,
  "requires": true,
  "dependencies": {
    "@types/d3": {
      "version": "3.5.46",
      "resolved": "https://registry.npmjs.org/@types/d3/-/d3-3.5.46.tgz",
      "integrity": "sha512-jNHfiGd41+JUV43LTMzQNidyp4Hn0XfhoSmy8baE0d/N5pGYpD+yX03JacY/MH+smFxYOQGXlz4HxkRZOuRNOQ=="
    },
    "@types/plotly.js": {
      "version": "1.54.20",
      "resolved": "https://registry.npmjs.org/@types/plotly.js/-/plotly.js-1.54.20.tgz",
      "integrity": "sha512-vqiqq5chr72QoApD+6Hu52iuBvT5/po/sdVF74IBnacQV6J1MjH9OeFZ3GFDwKLF24xT++FMkEGAWcgVMwg2YQ==",
      "requires": {
        "@types/d3": "^3"
      }
    },
    "nodeplotlib": {
      "version": "0.7.7",
      "resolved": "https://registry.npmjs.org/nodeplotlib/-/nodeplotlib-0.7.7.tgz",
      "integrity": "sha512-xlFwSzgA96eaYwG6NuB8O6B0nWNaLOWSCwFmrfS7kfyWZyMNOhgp+2gbCfsEcAqU4BHJnP8zZjn2KpT473Eh4A==",
      "requires": {
        "@types/plotly.js": "^1.54.16"
      }
    }
  }
}
